
Microsoft Visual Studio Solution File, Format Version 12.00
# Visual Studio Version 16
VisualStudioVersion = 16.0.30002.166
MinimumVisualStudioVersion = 10.0.40219.1
Project("{FAE04EC0-301F-11D3-BF4B-00C04F79EFBC}") = "CompanyEmployees", "CompanyEmployees\CompanyEmployees.csproj", "{DF3BDE04-A172-4353-97A2-DD45F59FE457}"
EndProject
Project("{FAE04EC0-301F-11D3-BF4B-00C04F79EFBC}") = "CompanyEmployees.Contracts", "Contracts\CompanyEmployees.Contracts.csproj", "{D64E3DD0-1B77-4DDF-9B3B-7534F545D917}"
EndProject
Project("{FAE04EC0-301F-11D3-BF4B-00C04F79EFBC}") = "CompanyEmployees.LoggerService", "LoggerService\CompanyEmployees.LoggerService.csproj", "{C86199A2-E059-4CFD-B3C4-E1C554EE84B5}"
EndProject
Project("{FAE04EC0-301F-11D3-BF4B-00C04F79EFBC}") = "CompanyEmployees.Entities", "Entities\CompanyEmployees.Entities.csproj", "{F1AD460A-1EC5-41AB-A8EB-02F4168CB81E}"
EndProject
Project("{FAE04EC0-301F-11D3-BF4B-00C04F79EFBC}") = "CompanyEmployees.Repository", "Repository\CompanyEmployees.Repository.csproj", "{F233F5AF-9CD0-49DA-870D-8B29C1C34ADB}"
EndProject
Global
	GlobalSection(SolutionConfigurationPlatforms) = preSolution
		Debug|Any CPU = Debug|Any CPU
		Release|Any CPU = Release|Any CPU
	EndGlobalSection
	GlobalSection(ProjectConfigurationPlatforms) = postSolution
		{DF3BDE04-A172-4353-97A2-DD45F59FE457}.Debug|Any CPU.ActiveCfg = Debug|Any CPU
		{DF3BDE04-A172-4353-97A2-DD45F59FE457}.Debug|Any CPU.Build.0 = Debug|Any CPU
		{DF3BDE04-A172-4353-97A2-DD45F59FE457}.Release|Any CPU.ActiveCfg = Release|Any CPU
		{DF3BDE04-A172-4353-97A2-DD45F59FE457}.Release|Any CPU.Build.0 = Release|Any CPU
		{D64E3DD0-1B77-4DDF-9B3B-7534F545D917}.Debug|Any CPU.ActiveCfg = Debug|Any CPU
		{D64E3DD0-1B77-4DDF-9B3B-7534F545D917}.Debug|Any CPU.Build.0 = Debug|Any CPU
		{D64E3DD0-1B77-4DDF-9B3B-7534F545D917}.Release|Any CPU.ActiveCfg = Release|Any CPU
		{D64E3DD0-1B77-4DDF-9B3B-7534F545D917}.Release|Any CPU.Build.0 = Release|Any CPU
		{C86199A2-E059-4CFD-B3C4-E1C554EE84B5}.Debug|Any CPU.ActiveCfg = Debug|Any CPU
		{C86199A2-E059-4CFD-B3C4-E1C554EE84B5}.Debug|Any CPU.Build.0 = Debug|Any CPU
		{C86199A2-E059-4CFD-B3C4-E1C554EE84B5}.Release|Any CPU.ActiveCfg = Release|Any CPU
		{C86199A2-E059-4CFD-B3C4-E1C554EE84B5}.Release|Any CPU.Build.0 = Release|Any CPU
		{F1AD460A-1EC5-41AB-A8EB-02F4168CB81E}.Debug|Any CPU.ActiveCfg = Debug|Any CPU
		{F1AD460A-1EC5-41AB-A8EB-02F4168CB81E}.Debug|Any CPU.Build.0 = Debug|Any CPU
		{F1AD460A-1EC5-41AB-A8EB-02F4168CB81E}.Release|Any CPU.ActiveCfg = Release|Any CPU
		{F1AD460A-1EC5-41AB-A8EB-02F4168CB81E}.Release|Any CPU.Build.0 = Release|Any CPU
		{F233F5AF-9CD0-49DA-870D-8B29C1C34ADB}.Debug|Any CPU.ActiveCfg = Debug|Any CPU
		{F233F5AF-9CD0-49DA-870D-8B29C1C34ADB}.Debug|Any CPU.Build.0 = Debug|Any CPU
		{F233F5AF-9CD0-49DA-870D-8B29C1C34ADB}.Release|Any CPU.ActiveCfg = Release|Any CPU
		{F233F5AF-9CD0-49DA-870D-8B29C1C34ADB}.Release|Any CPU.Build.0 = Release|Any CPU
	EndGlobalSection
	GlobalSection(SolutionProperties) = preSolution
		HideSolutionNode = FALSE
	EndGlobalSection
	GlobalSection(ExtensibilityGlobals) = postSolution
		SolutionGuid = {E9FD3434-654D-4947-8BE0-500542F11639}
	EndGlobalSection
EndGlobal
